<?xml version="1.0" encoding="utf-8"?>
<Project ToolsVersion="4.0" xmlns="http://schemas.microsoft.com/developer/msbuild/2003">
  <ItemGroup>
    <Filter Include="Source Files">
      <UniqueIdentifier>{4FC737F1-C7A5-4376-A066-2A32D752A2FF}</UniqueIdentifier>
      <Extensions>cpp;c;cc;cxx;c++;cppm;ixx;def;odl;idl;hpj;bat;asm;asmx</Extensions>
    </Filter>
    <Filter Include="Header Files">
      <UniqueIdentifier>{93995380-89BD-4b04-88EB-625FBE52EBFB}</UniqueIdentifier>
      <Extensions>h;hh;hpp;hxx;h++;hm;inl;inc;ipp;xsd</Extensions>
    </Filter>
    <Filter Include="Resource Files">
      <UniqueIdentifier>{67DA6AB6-F800-4c08-8B7A-83BB121AAD01}</UniqueIdentifier>
      <Extensions>rc;ico;cur;bmp;dlg;rc2;rct;bin;rgs;gif;jpg;jpeg;jpe;resx;tiff;tif;png;wav;mfcribbon-ms</Extensions>
    </Filter>
    <Filter Include="Shaders">
      <UniqueIdentifier>{e2b7169d-39dc-4d02-b6e4-6761e1632037}</UniqueIdentifier>
    </Filter>
  </ItemGroup>
  <ItemGroup>
    <ClCompile Include="..\src\glad.c">
      <Filter>Source Files</Filter>
    </ClCompile>
    <ClCompile Include="Main.cpp">
      <Filter>Source Files</Filter>
    </ClCompile>
    <ClCompile Include="ShaderLoader.cpp">
      <Filter>Source Files</Filter>
    </ClCompile>
    <ClCompile Include="Shader.cpp">
      <Filter>Source Files</Filter>
    </ClCompile>
    <ClCompile Include="TrianglesAndShaders.cpp">
      <Filter>Source Files</Filter>
    </ClCompile>
    <ClCompile Include="Texturing.cpp">
      <Filter>Source Files</Filter>
    </ClCompile>
    <ClCompile Include="OpenGLUtilities.cpp">
      <Filter>Source Files</Filter>
    </ClCompile>
    <ClCompile Include="GLFWUtilities.cpp">
      <Filter>Source Files</Filter>
    </ClCompile>
    <ClCompile Include="Transforms.cpp">
      <Filter>Source Files</Filter>
    </ClCompile>
  </ItemGroup>
  <ItemGroup>
    <ClInclude Include="Main.h">
      <Filter>Header Files</Filter>
    </ClInclude>
    <ClInclude Include="resource.h">
      <Filter>Header Files</Filter>
    </ClInclude>
    <ClInclude Include="ShaderLoader.h">
      <Filter>Header Files</Filter>
    </ClInclude>
    <ClInclude Include="Shader.h">
      <Filter>Header Files</Filter>
    </ClInclude>
    <ClInclude Include="TrianglesAndShaders.h">
      <Filter>Header Files</Filter>
    </ClInclude>
    <ClInclude Include="IApplicationParamsProvider.h">
      <Filter>Header Files</Filter>
    </ClInclude>
    <ClInclude Include="Texturing.h">
      <Filter>Header Files</Filter>
    </ClInclude>
    <ClInclude Include="StbImageEnabler.cpp">
      <Filter>Source Files</Filter>
    </ClInclude>
    <ClInclude Include="OpenGLUtilities.h">
      <Filter>Header Files</Filter>
    </ClInclude>
    <ClInclude Include="GLFWUtilities.h">
      <Filter>Header Files</Filter>
    </ClInclude>
    <ClInclude Include="Transforms.h">
      <Filter>Header Files</Filter>
    </ClInclude>
  </ItemGroup>
  <ItemGroup>
    <None Include="..\src\shaders\simple\fragment_with_uniform.glsl">
      <Filter>Shaders</Filter>
    </None>
    <None Include="..\src\shaders\simple\fragment.glsl">
      <Filter>Shaders</Filter>
    </None>
    <None Include="..\src\shaders\simple\vertex.glsl">
      <Filter>Shaders</Filter>
    </None>
    <None Include="..\src\shaders\simple\vertex_upside_down.glsl">
      <Filter>Shaders</Filter>
    </None>
    <None Include="..\src\shaders\simple\fragment_textured.glsl">
      <Filter>Shaders</Filter>
    </None>
    <None Include="..\src\shaders\simple\vertex_textured.glsl">
      <Filter>Shaders</Filter>
    </None>
    <None Include="..\src\shaders\simple\vertex_textured_transformed.glsl">
      <Filter>Shaders</Filter>
    </None>
  </ItemGroup>
  <ItemGroup>
    <Image Include="..\res\container.jpg">
      <Filter>Resource Files</Filter>
    </Image>
    <Image Include="..\res\awesomeface.png">
      <Filter>Resource Files</Filter>
    </Image>
  </ItemGroup>
</Project>